
Microsoft Visual Studio Solution File, Format Version 12.00
# Visual Studio Version 17
VisualStudioVersion = 17.1.32228.430
MinimumVisualStudioVersion = 10.0.40219.1
Project("{FAE04EC0-301F-11D3-BF4B-00C04F79EFBC}") = "Lab.Android", "Lab\Lab.Android\Lab.Android.csproj", "{39501A0C-6B48-40E4-859B-BF3FCE8DED8E}"
EndProject
Project("{FAE04EC0-301F-11D3-BF4B-00C04F79EFBC}") = "Lab.iOS", "Lab\Lab.iOS\Lab.iOS.csproj", "{4E606F63-7E21-40A5-824E-4414F35203EA}"
EndProject
Project("{FAE04EC0-301F-11D3-BF4B-00C04F79EFBC}") = "Lab", "Lab\Lab\Lab.csproj", "{1853A42E-FA5D-4BE1-A80D-7CA7C38EC1BD}"
EndProject
Global
	GlobalSection(SolutionConfigurationPlatforms) = preSolution
		Debug|Any CPU = Debug|Any CPU
		Debug|iPhone = Debug|iPhone
		Debug|iPhoneSimulator = Debug|iPhoneSimulator
		Release|Any CPU = Release|Any CPU
		Release|iPhone = Release|iPhone
		Release|iPhoneSimulator = Release|iPhoneSimulator
	EndGlobalSection
	GlobalSection(ProjectConfigurationPlatforms) = postSolution
		{39501A0C-6B48-40E4-859B-BF3FCE8DED8E}.Debug|Any CPU.ActiveCfg = Debug|Any CPU
		{39501A0C-6B48-40E4-859B-BF3FCE8DED8E}.Debug|Any CPU.Build.0 = Debug|Any CPU
		{39501A0C-6B48-40E4-859B-BF3FCE8DED8E}.Debug|Any CPU.Deploy.0 = Debug|Any CPU
		{39501A0C-6B48-40E4-859B-BF3FCE8DED8E}.Debug|iPhone.ActiveCfg = Debug|Any CPU
		{39501A0C-6B48-40E4-859B-BF3FCE8DED8E}.Debug|iPhone.Build.0 = Debug|Any CPU
		{39501A0C-6B48-40E4-859B-BF3FCE8DED8E}.Debug|iPhone.Deploy.0 = Debug|Any CPU
		{39501A0C-6B48-40E4-859B-BF3FCE8DED8E}.Debug|iPhoneSimulator.ActiveCfg = Debug|Any CPU
		{39501A0C-6B48-40E4-859B-BF3FCE8DED8E}.Debug|iPhoneSimulator.Build.0 = Debug|Any CPU
		{39501A0C-6B48-40E4-859B-BF3FCE8DED8E}.Debug|iPhoneSimulator.Deploy.0 = Debug|Any CPU
		{39501A0C-6B48-40E4-859B-BF3FCE8DED8E}.Release|Any CPU.ActiveCfg = Release|Any CPU
		{39501A0C-6B48-40E4-859B-BF3FCE8DED8E}.Release|Any CPU.Build.0 = Release|Any CPU
		{39501A0C-6B48-40E4-859B-BF3FCE8DED8E}.Release|Any CPU.Deploy.0 = Release|Any CPU
		{39501A0C-6B48-40E4-859B-BF3FCE8DED8E}.Release|iPhone.ActiveCfg = Release|Any CPU
		{39501A0C-6B48-40E4-859B-BF3FCE8DED8E}.Release|iPhone.Build.0 = Release|Any CPU
		{39501A0C-6B48-40E4-859B-BF3FCE8DED8E}.Release|iPhone.Deploy.0 = Release|Any CPU
		{39501A0C-6B48-40E4-859B-BF3FCE8DED8E}.Release|iPhoneSimulator.ActiveCfg = Release|Any CPU
		{39501A0C-6B48-40E4-859B-BF3FCE8DED8E}.Release|iPhoneSimulator.Build.0 = Release|Any CPU
		{39501A0C-6B48-40E4-859B-BF3FCE8DED8E}.Release|iPhoneSimulator.Deploy.0 = Release|Any CPU
		{4E606F63-7E21-40A5-824E-4414F35203EA}.Debug|Any CPU.ActiveCfg = Debug|iPhone
		{4E606F63-7E21-40A5-824E-4414F35203EA}.Debug|Any CPU.Build.0 = Debug|iPhone
		{4E606F63-7E21-40A5-824E-4414F35203EA}.Debug|Any CPU.Deploy.0 = Debug|iPhone
		{4E606F63-7E21-40A5-824E-4414F35203EA}.Debug|iPhone.ActiveCfg = Debug|iPhone
		{4E606F63-7E21-40A5-824E-4414F35203EA}.Debug|iPhone.Build.0 = Debug|iPhone
		{4E606F63-7E21-40A5-824E-4414F35203EA}.Debug|iPhone.Deploy.0 = Debug|iPhone
		{4E606F63-7E21-40A5-824E-4414F35203EA}.Debug|iPhoneSimulator.ActiveCfg = Debug|iPhoneSimulator
		{4E606F63-7E21-40A5-824E-4414F35203EA}.Debug|iPhoneSimulator.Build.0 = Debug|iPhoneSimulator
		{4E606F63-7E21-40A5-824E-4414F35203EA}.Debug|iPhoneSimulator.Deploy.0 = Debug|iPhoneSimulator
		{4E606F63-7E21-40A5-824E-4414F35203EA}.Release|Any CPU.ActiveCfg = Release|iPhoneSimulator
		{4E606F63-7E21-40A5-824E-4414F35203EA}.Release|Any CPU.Build.0 = Release|iPhoneSimulator
		{4E606F63-7E21-40A5-824E-4414F35203EA}.Release|Any CPU.Deploy.0 = Release|iPhoneSimulator
		{4E606F63-7E21-40A5-824E-4414F35203EA}.Release|iPhone.ActiveCfg = Release|iPhone
		{4E606F63-7E21-40A5-824E-4414F35203EA}.Release|iPhone.Build.0 = Release|iPhone
		{4E606F63-7E21-40A5-824E-4414F35203EA}.Release|iPhone.Deploy.0 = Release|iPhone
		{4E606F63-7E21-40A5-824E-4414F35203EA}.Release|iPhoneSimulator.ActiveCfg = Release|iPhoneSimulator
		{4E606F63-7E21-40A5-824E-4414F35203EA}.Release|iPhoneSimulator.Build.0 = Release|iPhoneSimulator
		{4E606F63-7E21-40A5-824E-4414F35203EA}.Release|iPhoneSimulator.Deploy.0 = Release|iPhoneSimulator
		{1853A42E-FA5D-4BE1-A80D-7CA7C38EC1BD}.Debug|Any CPU.ActiveCfg = Debug|Any CPU
		{1853A42E-FA5D-4BE1-A80D-7CA7C38EC1BD}.Debug|Any CPU.Build.0 = Debug|Any CPU
		{1853A42E-FA5D-4BE1-A80D-7CA7C38EC1BD}.Debug|Any CPU.Deploy.0 = Debug|Any CPU
		{1853A42E-FA5D-4BE1-A80D-7CA7C38EC1BD}.Debug|iPhone.ActiveCfg = Debug|Any CPU
		{1853A42E-FA5D-4BE1-A80D-7CA7C38EC1BD}.Debug|iPhone.Build.0 = Debug|Any CPU
		{1853A42E-FA5D-4BE1-A80D-7CA7C38EC1BD}.Debug|iPhone.Deploy.0 = Debug|Any CPU
		{1853A42E-FA5D-4BE1-A80D-7CA7C38EC1BD}.Debug|iPhoneSimulator.ActiveCfg = Debug|Any CPU
		{1853A42E-FA5D-4BE1-A80D-7CA7C38EC1BD}.Debug|iPhoneSimulator.Build.0 = Debug|Any CPU
		{1853A42E-FA5D-4BE1-A80D-7CA7C38EC1BD}.Debug|iPhoneSimulator.Deploy.0 = Debug|Any CPU
		{1853A42E-FA5D-4BE1-A80D-7CA7C38EC1BD}.Release|Any CPU.ActiveCfg = Release|Any CPU
		{1853A42E-FA5D-4BE1-A80D-7CA7C38EC1BD}.Release|Any CPU.Build.0 = Release|Any CPU
		{1853A42E-FA5D-4BE1-A80D-7CA7C38EC1BD}.Release|Any CPU.Deploy.0 = Release|Any CPU
		{1853A42E-FA5D-4BE1-A80D-7CA7C38EC1BD}.Release|iPhone.ActiveCfg = Release|Any CPU
		{1853A42E-FA5D-4BE1-A80D-7CA7C38EC1BD}.Release|iPhone.Build.0 = Release|Any CPU
		{1853A42E-FA5D-4BE1-A80D-7CA7C38EC1BD}.Release|iPhone.Deploy.0 = Release|Any CPU
		{1853A42E-FA5D-4BE1-A80D-7CA7C38EC1BD}.Release|iPhoneSimulator.ActiveCfg = Release|Any CPU
		{1853A42E-FA5D-4BE1-A80D-7CA7C38EC1BD}.Release|iPhoneSimulator.Build.0 = Release|Any CPU
		{1853A42E-FA5D-4BE1-A80D-7CA7C38EC1BD}.Release|iPhoneSimulator.Deploy.0 = Release|Any CPU
	EndGlobalSection
	GlobalSection(SolutionProperties) = preSolution
		HideSolutionNode = FALSE
	EndGlobalSection
	GlobalSection(ExtensibilityGlobals) = postSolution
		SolutionGuid = {A6695198-395B-4D96-8577-BC814E9021E0}
	EndGlobalSection
EndGlobal
